{
  "version": 4,
  "terraform_version": "1.14.8",
  "serial": 17,
  "lineage": "b57746bf-f293-181d-1330-c32d8331c19e",
  "outputs": {},
  "resources": [
    {
      "mode": "managed",
      "type": "aws_s3_object",
      "name": "error_html",
      "provider": "provider[\"registry.terraform.io/hashicorp/aws\"]",
      "instances": [
        {
          "schema_version": 0,
          "attributes": {
            "acl": null,
            "arn": "arn:aws:s3:::sangram-s3-v3-unique-2026/error.html",
            "bucket": "sangram-s3-v3-unique-2026",
            "bucket_key_enabled": false,
            "cache_control": "",
            "checksum_algorithm": null,
            "checksum_crc32": "",
            "checksum_crc32c": "",
            "checksum_crc64nvme": "",
            "checksum_sha1": "",
            "checksum_sha256": "",
            "content": null,
            "content_base64": null,
            "content_disposition": "",
            "content_encoding": "",
            "content_language": "",
            "content_type": "text/html",
            "etag": "59954c4f78d2a305bf01bee9bf0f17ad",
            "force_destroy": false,
            "id": "error.html",
            "key": "error.html",
            "kms_key_id": null,
            "metadata": {},
            "object_lock_legal_hold_status": "",
            "object_lock_mode": "",
            "object_lock_retain_until_date": "",
            "override_provider": [],
            "server_side_encryption": "AES256",
            "source": "error.html",
            "source_hash": null,
            "storage_class": "STANDARD",
            "tags": {},
            "tags_all": {},
            "version_id": "bpJQenyyKzdTXznrUQQRoBYh0dN2Wmwv",
            "website_redirect": ""
          },
          "sensitive_attributes": [],
          "identity_schema_version": 0,
          "private": "bnVsbA==",
          "dependencies": [
            "module.website_s3_bucket.aws_s3_bucket.mywebsite"
          ]
        }
      ]
    },
    {
      "mode": "managed",
      "type": "aws_s3_object",
      "name": "index_html",
      "provider": "provider[\"registry.terraform.io/hashicorp/aws\"]",
      "instances": [
        {
          "schema_version": 0,
          "attributes": {
            "acl": null,
            "arn": "arn:aws:s3:::sangram-s3-v3-unique-2026/index.html",
            "bucket": "sangram-s3-v3-unique-2026",
            "bucket_key_enabled": false,
            "cache_control": "",
            "checksum_algorithm": null,
            "checksum_crc32": "",
            "checksum_crc32c": "",
            "checksum_crc64nvme": "",
            "checksum_sha1": "",
            "checksum_sha256": "",
            "content": null,
            "content_base64": null,
            "content_disposition": "",
            "content_encoding": "",
            "content_language": "",
            "content_type": "text/html",
            "etag": "6a615cbf520542fbd17063b744571c48",
            "force_destroy": false,
            "id": "index.html",
            "key": "index.html",
            "kms_key_id": null,
            "metadata": {},
            "object_lock_legal_hold_status": "",
            "object_lock_mode": "",
            "object_lock_retain_until_date": "",
            "override_provider": [],
            "server_side_encryption": "AES256",
            "source": "index.html",
            "source_hash": null,
            "storage_class": "STANDARD",
            "tags": {},
            "tags_all": {},
            "version_id": "kkZDOuGbMcdkFfBblOw91CfR6KVqHhJc",
            "website_redirect": ""
          },
          "sensitive_attributes": [],
          "identity_schema_version": 0,
          "private": "bnVsbA==",
          "dependencies": [
            "module.website_s3_bucket.aws_s3_bucket.mywebsite"
          ]
        }
      ]
    },
    {
      "module": "module.website_s3_bucket",
      "mode": "managed",
      "type": "aws_s3_bucket",
      "name": "mywebsite",
      "provider": "provider[\"registry.terraform.io/hashicorp/aws\"]",
      "instances": [
        {
          "schema_version": 0,
          "attributes": {
            "acceleration_status": "",
            "acl": null,
            "arn": "arn:aws:s3:::sangram-s3-v3-unique-2026",
            "bucket": "sangram-s3-v3-unique-2026",
            "bucket_domain_name": "sangram-s3-v3-unique-2026.s3.amazonaws.com",
            "bucket_prefix": "",
            "bucket_regional_domain_name": "sangram-s3-v3-unique-2026.s3.us-east-1.amazonaws.com",
            "cors_rule": [],
            "force_destroy": true,
            "grant": [
              {
                "id": "",
                "permissions": [
                  "READ"
                ],
                "type": "Group",
                "uri": "http://acs.amazonaws.com/groups/global/AllUsers"
              },
              {
                "id": "5640c45a56ffcdfdcb7e0b4372bbbd9c58cbbfa00cb1c452f274e3c7a0702251",
                "permissions": [
                  "FULL_CONTROL"
                ],
                "type": "CanonicalUser",
                "uri": ""
              }
            ],
            "hosted_zone_id": "Z3AQBSTGFYJSTF",
            "id": "sangram-s3-v3-unique-2026",
            "lifecycle_rule": [],
            "logging": [],
            "object_lock_configuration": [],
            "object_lock_enabled": false,
            "policy": "{\"Statement\":[{\"Action\":\"s3:GetObject\",\"Effect\":\"Allow\",\"Principal\":\"*\",\"Resource\":\"arn:aws:s3:::sangram-s3-v3-unique-2026/*\",\"Sid\":\"PublicReadGetObject\"}],\"Version\":\"2012-10-17\"}",
            "region": "us-east-1",
            "replication_configuration": [],
            "request_payer": "BucketOwner",
            "server_side_encryption_configuration": [
              {
                "rule": [
                  {
                    "apply_server_side_encryption_by_default": [
                      {
                        "kms_master_key_id": "",
                        "sse_algorithm": "AES256"
                      }
                    ],
                    "bucket_key_enabled": false
                  }
                ]
              }
            ],
            "tags": {
              "Environment": "dev",
              "Terraform": "true"
            },
            "tags_all": {
              "Environment": "dev",
              "Terraform": "true"
            },
            "timeouts": null,
            "versioning": [
              {
                "enabled": true,
                "mfa_delete": false
              }
            ],
            "website": [
              {
                "error_document": "error.html",
                "index_document": "index.html",
                "redirect_all_requests_to": "",
                "routing_rules": ""
              }
            ],
            "website_domain": "s3-website-us-east-1.amazonaws.com",
            "website_endpoint": "sangram-s3-v3-unique-2026.s3-website-us-east-1.amazonaws.com"
          },
          "sensitive_attributes": [],
          "identity_schema_version": 0,
          "private": "eyJlMmJmYjczMC1lY2FhLTExZTYtOGY4OC0zNDM2M2JjN2M0YzAiOnsiY3JlYXRlIjoxMjAwMDAwMDAwMDAwLCJkZWxldGUiOjM2MDAwMDAwMDAwMDAsInJlYWQiOjEyMDAwMDAwMDAwMDAsInVwZGF0ZSI6MTIwMDAwMDAwMDAwMH19"
        }
      ]
    },
    {
      "module": "module.website_s3_bucket",
      "mode": "managed",
      "type": "aws_s3_bucket_acl",
      "name": "mywebsite",
      "provider": "provider[\"registry.terraform.io/hashicorp/aws\"]",
      "instances": [
        {
          "schema_version": 0,
          "attributes": {
            "access_control_policy": [
              {
                "grant": [
                  {
                    "grantee": [
                      {
                        "display_name": "",
                        "email_address": "",
                        "id": "",
                        "type": "Group",
                        "uri": "http://acs.amazonaws.com/groups/global/AllUsers"
                      }
                    ],
                    "permission": "READ"
                  },
                  {
                    "grantee": [
                      {
                        "display_name": "",
                        "email_address": "",
                        "id": "5640c45a56ffcdfdcb7e0b4372bbbd9c58cbbfa00cb1c452f274e3c7a0702251",
                        "type": "CanonicalUser",
                        "uri": ""
                      }
                    ],
                    "permission": "FULL_CONTROL"
                  }
                ],
                "owner": [
                  {
                    "display_name": "",
                    "id": "5640c45a56ffcdfdcb7e0b4372bbbd9c58cbbfa00cb1c452f274e3c7a0702251"
                  }
                ]
              }
            ],
            "acl": "public-read",
            "bucket": "sangram-s3-v3-unique-2026",
            "expected_bucket_owner": "",
            "id": "sangram-s3-v3-unique-2026,public-read"
          },
          "sensitive_attributes": [],
          "identity_schema_version": 0,
          "private": "bnVsbA==",
          "dependencies": [
            "module.website_s3_bucket.aws_s3_bucket.mywebsite",
            "module.website_s3_bucket.aws_s3_bucket_ownership_controls.mywebsite",
            "module.website_s3_bucket.aws_s3_bucket_public_access_block.mywebsite"
          ]
        }
      ]
    },
    {
      "module": "module.website_s3_bucket",
      "mode": "managed",
      "type": "aws_s3_bucket_ownership_controls",
      "name": "mywebsite",
      "provider": "provider[\"registry.terraform.io/hashicorp/aws\"]",
      "instances": [
        {
          "schema_version": 0,
          "attributes": {
            "bucket": "sangram-s3-v3-unique-2026",
            "id": "sangram-s3-v3-unique-2026",
            "rule": [
              {
                "object_ownership": "BucketOwnerPreferred"
              }
            ]
          },
          "sensitive_attributes": [],
          "identity_schema_version": 0,
          "private": "bnVsbA==",
          "dependencies": [
            "module.website_s3_bucket.aws_s3_bucket.mywebsite"
          ]
        }
      ]
    },
    {
      "module": "module.website_s3_bucket",
      "mode": "managed",
      "type": "aws_s3_bucket_policy",
      "name": "mywebsite",
      "provider": "provider[\"registry.terraform.io/hashicorp/aws\"]",
      "instances": [
        {
          "schema_version": 0,
          "attributes": {
            "bucket": "sangram-s3-v3-unique-2026",
            "id": "sangram-s3-v3-unique-2026",
            "policy": "{\"Statement\":[{\"Action\":[\"s3:GetObject\"],\"Effect\":\"Allow\",\"Principal\":\"*\",\"Resource\":[\"arn:aws:s3:::sangram-s3-v3-unique-2026/*\"],\"Sid\":\"PublicReadGetObject\"}],\"Version\":\"2012-10-17\"}"
          },
          "sensitive_attributes": [],
          "identity_schema_version": 0,
          "private": "bnVsbA==",
          "dependencies": [
            "module.website_s3_bucket.aws_s3_bucket.mywebsite"
          ]
        }
      ]
    },
    {
      "module": "module.website_s3_bucket",
      "mode": "managed",
      "type": "aws_s3_bucket_public_access_block",
      "name": "mywebsite",
      "provider": "provider[\"registry.terraform.io/hashicorp/aws\"]",
      "instances": [
        {
          "schema_version": 0,
          "attributes": {
            "block_public_acls": false,
            "block_public_policy": false,
            "bucket": "sangram-s3-v3-unique-2026",
            "id": "sangram-s3-v3-unique-2026",
            "ignore_public_acls": false,
            "restrict_public_buckets": false
          },
          "sensitive_attributes": [],
          "identity_schema_version": 0,
          "private": "bnVsbA==",
          "dependencies": [
            "module.website_s3_bucket.aws_s3_bucket.mywebsite"
          ]
        }
      ]
    },
    {
      "module": "module.website_s3_bucket",
      "mode": "managed",
      "type": "aws_s3_bucket_website_configuration",
      "name": "mywebsite",
      "provider": "provider[\"registry.terraform.io/hashicorp/aws\"]",
      "instances": [
        {
          "schema_version": 0,
          "attributes": {
            "bucket": "sangram-s3-v3-unique-2026",
            "error_document": [
              {
                "key": "error.html"
              }
            ],
            "expected_bucket_owner": "",
            "id": "sangram-s3-v3-unique-2026",
            "index_document": [
              {
                "suffix": "index.html"
              }
            ],
            "redirect_all_requests_to": [],
            "routing_rule": [],
            "routing_rules": "",
            "website_domain": "s3-website-us-east-1.amazonaws.com",
            "website_endpoint": "sangram-s3-v3-unique-2026.s3-website-us-east-1.amazonaws.com"
          },
          "sensitive_attributes": [],
          "identity_schema_version": 0,
          "private": "bnVsbA==",
          "dependencies": [
            "module.website_s3_bucket.aws_s3_bucket.mywebsite"
          ]
        }
      ]
    }
  ],
  "check_results": null
}
